
Microsoft Visual Studio Solution File, Format Version 12.00
# Visual Studio Version 17
VisualStudioVersion = 17.14.36212.18 d17.14
MinimumVisualStudioVersion = 10.0.40219.1
Project("{FAE04EC0-301F-11D3-BF4B-00C04F79EFBC}") = "rozetochka-api", "rozetochka-api.csproj", "{E9190E8E-AF82-4842-812F-27F93E91064F}"
EndProject
Global
	GlobalSection(SolutionConfigurationPlatforms) = preSolution
		Debug|Any CPU = Debug|Any CPU
		Release|Any CPU = Release|Any CPU
	EndGlobalSection
	GlobalSection(ProjectConfigurationPlatforms) = postSolution
		{E9190E8E-AF82-4842-812F-27F93E91064F}.Debug|Any CPU.ActiveCfg = Debug|Any CPU
		{E9190E8E-AF82-4842-812F-27F93E91064F}.Debug|Any CPU.Build.0 = Debug|Any CPU
		{E9190E8E-AF82-4842-812F-27F93E91064F}.Release|Any CPU.ActiveCfg = Release|Any CPU
		{E9190E8E-AF82-4842-812F-27F93E91064F}.Release|Any CPU.Build.0 = Release|Any CPU
	EndGlobalSection
	GlobalSection(SolutionProperties) = preSolution
		HideSolutionNode = FALSE
	EndGlobalSection
	GlobalSection(ExtensibilityGlobals) = postSolution
		SolutionGuid = {A1555606-A998-41D9-9B8A-C64462A16A67}
	EndGlobalSection
EndGlobal
